
Microsoft Visual Studio Solution File, Format Version 12.00
# Visual Studio Version 17
VisualStudioVersion = 17.4.33122.133
MinimumVisualStudioVersion = 15.0.26124.0
Project("{2150E333-8FDC-42A3-9474-1A3956D46DE8}") = "2020", "2020", "{BF6A72CD-D5CE-4D30-8B31-A15FC1C84A20}"
EndProject
Project("{9A19103F-16F7-4668-BE54-9A1E7A4F7556}") = "Day1", "2020\Day1\Day1.csproj", "{11E47FA1-AA13-40B0-8F92-F781B6AF1CE4}"
EndProject
Project("{9A19103F-16F7-4668-BE54-9A1E7A4F7556}") = "Day2", "2020\Day2\Day2.csproj", "{47334E11-3543-4A48-ABA5-89FBB2019DCE}"
EndProject
Project("{9A19103F-16F7-4668-BE54-9A1E7A4F7556}") = "Day3", "2020\Day3\Day3.csproj", "{E6E37410-55D9-4E2B-A4BD-AB1C95261B4F}"
EndProject
Project("{9A19103F-16F7-4668-BE54-9A1E7A4F7556}") = "Day4", "2020\Day4\Day4.csproj", "{2751FD52-3760-46E3-9CCC-512C9ED2C894}"
EndProject
Project("{2150E333-8FDC-42A3-9474-1A3956D46DE8}") = "2022", "2022", "{EDCE0C2C-0065-4A3A-A7C4-085D90F4DA8A}"
EndProject
Project("{9A19103F-16F7-4668-BE54-9A1E7A4F7556}") = "Day1", "2022\Day1\Day1.csproj", "{A00780F5-0A9D-4DB5-9781-EF3BB5D82A8F}"
EndProject
Project("{9A19103F-16F7-4668-BE54-9A1E7A4F7556}") = "Day2", "2022\Day2\Day2.csproj", "{6D2A1915-40DD-4AB8-99D9-31190957A0D4}"
EndProject
Project("{9A19103F-16F7-4668-BE54-9A1E7A4F7556}") = "Day3", "2022\Day3\Day3.csproj", "{D313F64B-8BA5-456A-89EC-0285CD28650F}"
EndProject
Project("{9A19103F-16F7-4668-BE54-9A1E7A4F7556}") = "Day4", "2022\Day4\Day4.csproj", "{AC6D784B-8520-4854-B964-EAB3B3ECD61B}"
EndProject
Project("{9A19103F-16F7-4668-BE54-9A1E7A4F7556}") = "Day5", "2022\Day5\Day5.csproj", "{F64AF8C5-0EB5-4019-BFEA-DE58A10D1CC1}"
EndProject
Project("{FAE04EC0-301F-11D3-BF4B-00C04F79EFBC}") = "Day6", "2022\Day6\Day6.csproj", "{604A7ACD-A422-44B1-8E8F-DA91F82127A5}"
EndProject
Global
	GlobalSection(SolutionConfigurationPlatforms) = preSolution
		Debug|Any CPU = Debug|Any CPU
		Release|Any CPU = Release|Any CPU
	EndGlobalSection
	GlobalSection(ProjectConfigurationPlatforms) = postSolution
		{11E47FA1-AA13-40B0-8F92-F781B6AF1CE4}.Debug|Any CPU.ActiveCfg = Debug|Any CPU
		{11E47FA1-AA13-40B0-8F92-F781B6AF1CE4}.Debug|Any CPU.Build.0 = Debug|Any CPU
		{11E47FA1-AA13-40B0-8F92-F781B6AF1CE4}.Release|Any CPU.ActiveCfg = Release|Any CPU
		{11E47FA1-AA13-40B0-8F92-F781B6AF1CE4}.Release|Any CPU.Build.0 = Release|Any CPU
		{47334E11-3543-4A48-ABA5-89FBB2019DCE}.Debug|Any CPU.ActiveCfg = Debug|Any CPU
		{47334E11-3543-4A48-ABA5-89FBB2019DCE}.Debug|Any CPU.Build.0 = Debug|Any CPU
		{47334E11-3543-4A48-ABA5-89FBB2019DCE}.Release|Any CPU.ActiveCfg = Release|Any CPU
		{47334E11-3543-4A48-ABA5-89FBB2019DCE}.Release|Any CPU.Build.0 = Release|Any CPU
		{E6E37410-55D9-4E2B-A4BD-AB1C95261B4F}.Debug|Any CPU.ActiveCfg = Debug|Any CPU
		{E6E37410-55D9-4E2B-A4BD-AB1C95261B4F}.Debug|Any CPU.Build.0 = Debug|Any CPU
		{E6E37410-55D9-4E2B-A4BD-AB1C95261B4F}.Release|Any CPU.ActiveCfg = Release|Any CPU
		{E6E37410-55D9-4E2B-A4BD-AB1C95261B4F}.Release|Any CPU.Build.0 = Release|Any CPU
		{2751FD52-3760-46E3-9CCC-512C9ED2C894}.Debug|Any CPU.ActiveCfg = Debug|Any CPU
		{2751FD52-3760-46E3-9CCC-512C9ED2C894}.Debug|Any CPU.Build.0 = Debug|Any CPU
		{2751FD52-3760-46E3-9CCC-512C9ED2C894}.Release|Any CPU.ActiveCfg = Release|Any CPU
		{2751FD52-3760-46E3-9CCC-512C9ED2C894}.Release|Any CPU.Build.0 = Release|Any CPU
		{A00780F5-0A9D-4DB5-9781-EF3BB5D82A8F}.Debug|Any CPU.ActiveCfg = Debug|Any CPU
		{A00780F5-0A9D-4DB5-9781-EF3BB5D82A8F}.Debug|Any CPU.Build.0 = Debug|Any CPU
		{A00780F5-0A9D-4DB5-9781-EF3BB5D82A8F}.Release|Any CPU.ActiveCfg = Release|Any CPU
		{A00780F5-0A9D-4DB5-9781-EF3BB5D82A8F}.Release|Any CPU.Build.0 = Release|Any CPU
		{6D2A1915-40DD-4AB8-99D9-31190957A0D4}.Debug|Any CPU.ActiveCfg = Debug|Any CPU
		{6D2A1915-40DD-4AB8-99D9-31190957A0D4}.Debug|Any CPU.Build.0 = Debug|Any CPU
		{6D2A1915-40DD-4AB8-99D9-31190957A0D4}.Release|Any CPU.ActiveCfg = Release|Any CPU
		{6D2A1915-40DD-4AB8-99D9-31190957A0D4}.Release|Any CPU.Build.0 = Release|Any CPU
		{D313F64B-8BA5-456A-89EC-0285CD28650F}.Debug|Any CPU.ActiveCfg = Debug|Any CPU
		{D313F64B-8BA5-456A-89EC-0285CD28650F}.Debug|Any CPU.Build.0 = Debug|Any CPU
		{D313F64B-8BA5-456A-89EC-0285CD28650F}.Release|Any CPU.ActiveCfg = Release|Any CPU
		{D313F64B-8BA5-456A-89EC-0285CD28650F}.Release|Any CPU.Build.0 = Release|Any CPU
		{AC6D784B-8520-4854-B964-EAB3B3ECD61B}.Debug|Any CPU.ActiveCfg = Debug|Any CPU
		{AC6D784B-8520-4854-B964-EAB3B3ECD61B}.Debug|Any CPU.Build.0 = Debug|Any CPU
		{AC6D784B-8520-4854-B964-EAB3B3ECD61B}.Release|Any CPU.ActiveCfg = Release|Any CPU
		{AC6D784B-8520-4854-B964-EAB3B3ECD61B}.Release|Any CPU.Build.0 = Release|Any CPU
		{F64AF8C5-0EB5-4019-BFEA-DE58A10D1CC1}.Debug|Any CPU.ActiveCfg = Debug|Any CPU
		{F64AF8C5-0EB5-4019-BFEA-DE58A10D1CC1}.Debug|Any CPU.Build.0 = Debug|Any CPU
		{F64AF8C5-0EB5-4019-BFEA-DE58A10D1CC1}.Release|Any CPU.ActiveCfg = Release|Any CPU
		{F64AF8C5-0EB5-4019-BFEA-DE58A10D1CC1}.Release|Any CPU.Build.0 = Release|Any CPU
		{604A7ACD-A422-44B1-8E8F-DA91F82127A5}.Debug|Any CPU.ActiveCfg = Debug|Any CPU
		{604A7ACD-A422-44B1-8E8F-DA91F82127A5}.Debug|Any CPU.Build.0 = Debug|Any CPU
		{604A7ACD-A422-44B1-8E8F-DA91F82127A5}.Release|Any CPU.ActiveCfg = Release|Any CPU
		{604A7ACD-A422-44B1-8E8F-DA91F82127A5}.Release|Any CPU.Build.0 = Release|Any CPU
	EndGlobalSection
	GlobalSection(SolutionProperties) = preSolution
		HideSolutionNode = FALSE
	EndGlobalSection
	GlobalSection(NestedProjects) = preSolution
		{11E47FA1-AA13-40B0-8F92-F781B6AF1CE4} = {BF6A72CD-D5CE-4D30-8B31-A15FC1C84A20}
		{47334E11-3543-4A48-ABA5-89FBB2019DCE} = {BF6A72CD-D5CE-4D30-8B31-A15FC1C84A20}
		{E6E37410-55D9-4E2B-A4BD-AB1C95261B4F} = {BF6A72CD-D5CE-4D30-8B31-A15FC1C84A20}
		{2751FD52-3760-46E3-9CCC-512C9ED2C894} = {BF6A72CD-D5CE-4D30-8B31-A15FC1C84A20}
		{A00780F5-0A9D-4DB5-9781-EF3BB5D82A8F} = {EDCE0C2C-0065-4A3A-A7C4-085D90F4DA8A}
		{6D2A1915-40DD-4AB8-99D9-31190957A0D4} = {EDCE0C2C-0065-4A3A-A7C4-085D90F4DA8A}
		{D313F64B-8BA5-456A-89EC-0285CD28650F} = {EDCE0C2C-0065-4A3A-A7C4-085D90F4DA8A}
		{AC6D784B-8520-4854-B964-EAB3B3ECD61B} = {EDCE0C2C-0065-4A3A-A7C4-085D90F4DA8A}
		{F64AF8C5-0EB5-4019-BFEA-DE58A10D1CC1} = {EDCE0C2C-0065-4A3A-A7C4-085D90F4DA8A}
		{604A7ACD-A422-44B1-8E8F-DA91F82127A5} = {EDCE0C2C-0065-4A3A-A7C4-085D90F4DA8A}
	EndGlobalSection
	GlobalSection(ExtensibilityGlobals) = postSolution
		SolutionGuid = {6D82FAC3-1164-40CF-9178-886DCF939185}
	EndGlobalSection
EndGlobal
