
Microsoft Visual Studio Solution File, Format Version 12.00
# Visual Studio 15
VisualStudioVersion = 15.0.26124.0
MinimumVisualStudioVersion = 15.0.26124.0
Project("{FAE04EC0-301F-11D3-BF4B-00C04F79EFBC}") = "Day1", "Day1\Day1.csproj", "{8C650443-02C1-41BC-B99B-82046ACC7185}"
EndProject
Project("{FAE04EC0-301F-11D3-BF4B-00C04F79EFBC}") = "Day2", "Day2\Day2.csproj", "{C3D85BAB-8D52-48A2-A183-D0A2C1324CDD}"
EndProject
Project("{FAE04EC0-301F-11D3-BF4B-00C04F79EFBC}") = "Day3", "Day3\Day3.csproj", "{9740638C-4D6D-4AAA-B740-12C32FF312FE}"
EndProject
Project("{FAE04EC0-301F-11D3-BF4B-00C04F79EFBC}") = "Day4", "Day4\Day4.csproj", "{BABAD686-C60D-4A54-BC0C-7ACA03BB9FE5}"
EndProject
Global
	GlobalSection(SolutionConfigurationPlatforms) = preSolution
		Debug|Any CPU = Debug|Any CPU
		Debug|x64 = Debug|x64
		Debug|x86 = Debug|x86
		Release|Any CPU = Release|Any CPU
		Release|x64 = Release|x64
		Release|x86 = Release|x86
	EndGlobalSection
	GlobalSection(SolutionProperties) = preSolution
		HideSolutionNode = FALSE
	EndGlobalSection
	GlobalSection(ProjectConfigurationPlatforms) = postSolution
		{8C650443-02C1-41BC-B99B-82046ACC7185}.Debug|Any CPU.ActiveCfg = Debug|Any CPU
		{8C650443-02C1-41BC-B99B-82046ACC7185}.Debug|Any CPU.Build.0 = Debug|Any CPU
		{8C650443-02C1-41BC-B99B-82046ACC7185}.Debug|x64.ActiveCfg = Debug|Any CPU
		{8C650443-02C1-41BC-B99B-82046ACC7185}.Debug|x64.Build.0 = Debug|Any CPU
		{8C650443-02C1-41BC-B99B-82046ACC7185}.Debug|x86.ActiveCfg = Debug|Any CPU
		{8C650443-02C1-41BC-B99B-82046ACC7185}.Debug|x86.Build.0 = Debug|Any CPU
		{8C650443-02C1-41BC-B99B-82046ACC7185}.Release|Any CPU.ActiveCfg = Release|Any CPU
		{8C650443-02C1-41BC-B99B-82046ACC7185}.Release|Any CPU.Build.0 = Release|Any CPU
		{8C650443-02C1-41BC-B99B-82046ACC7185}.Release|x64.ActiveCfg = Release|Any CPU
		{8C650443-02C1-41BC-B99B-82046ACC7185}.Release|x64.Build.0 = Release|Any CPU
		{8C650443-02C1-41BC-B99B-82046ACC7185}.Release|x86.ActiveCfg = Release|Any CPU
		{8C650443-02C1-41BC-B99B-82046ACC7185}.Release|x86.Build.0 = Release|Any CPU
		{C3D85BAB-8D52-48A2-A183-D0A2C1324CDD}.Debug|Any CPU.ActiveCfg = Debug|Any CPU
		{C3D85BAB-8D52-48A2-A183-D0A2C1324CDD}.Debug|Any CPU.Build.0 = Debug|Any CPU
		{C3D85BAB-8D52-48A2-A183-D0A2C1324CDD}.Debug|x64.ActiveCfg = Debug|Any CPU
		{C3D85BAB-8D52-48A2-A183-D0A2C1324CDD}.Debug|x64.Build.0 = Debug|Any CPU
		{C3D85BAB-8D52-48A2-A183-D0A2C1324CDD}.Debug|x86.ActiveCfg = Debug|Any CPU
		{C3D85BAB-8D52-48A2-A183-D0A2C1324CDD}.Debug|x86.Build.0 = Debug|Any CPU
		{C3D85BAB-8D52-48A2-A183-D0A2C1324CDD}.Release|Any CPU.ActiveCfg = Release|Any CPU
		{C3D85BAB-8D52-48A2-A183-D0A2C1324CDD}.Release|Any CPU.Build.0 = Release|Any CPU
		{C3D85BAB-8D52-48A2-A183-D0A2C1324CDD}.Release|x64.ActiveCfg = Release|Any CPU
		{C3D85BAB-8D52-48A2-A183-D0A2C1324CDD}.Release|x64.Build.0 = Release|Any CPU
		{C3D85BAB-8D52-48A2-A183-D0A2C1324CDD}.Release|x86.ActiveCfg = Release|Any CPU
		{C3D85BAB-8D52-48A2-A183-D0A2C1324CDD}.Release|x86.Build.0 = Release|Any CPU
		{9740638C-4D6D-4AAA-B740-12C32FF312FE}.Debug|Any CPU.ActiveCfg = Debug|Any CPU
		{9740638C-4D6D-4AAA-B740-12C32FF312FE}.Debug|Any CPU.Build.0 = Debug|Any CPU
		{9740638C-4D6D-4AAA-B740-12C32FF312FE}.Debug|x64.ActiveCfg = Debug|Any CPU
		{9740638C-4D6D-4AAA-B740-12C32FF312FE}.Debug|x64.Build.0 = Debug|Any CPU
		{9740638C-4D6D-4AAA-B740-12C32FF312FE}.Debug|x86.ActiveCfg = Debug|Any CPU
		{9740638C-4D6D-4AAA-B740-12C32FF312FE}.Debug|x86.Build.0 = Debug|Any CPU
		{9740638C-4D6D-4AAA-B740-12C32FF312FE}.Release|Any CPU.ActiveCfg = Release|Any CPU
		{9740638C-4D6D-4AAA-B740-12C32FF312FE}.Release|Any CPU.Build.0 = Release|Any CPU
		{9740638C-4D6D-4AAA-B740-12C32FF312FE}.Release|x64.ActiveCfg = Release|Any CPU
		{9740638C-4D6D-4AAA-B740-12C32FF312FE}.Release|x64.Build.0 = Release|Any CPU
		{9740638C-4D6D-4AAA-B740-12C32FF312FE}.Release|x86.ActiveCfg = Release|Any CPU
		{9740638C-4D6D-4AAA-B740-12C32FF312FE}.Release|x86.Build.0 = Release|Any CPU
		{BABAD686-C60D-4A54-BC0C-7ACA03BB9FE5}.Debug|Any CPU.ActiveCfg = Debug|Any CPU
		{BABAD686-C60D-4A54-BC0C-7ACA03BB9FE5}.Debug|Any CPU.Build.0 = Debug|Any CPU
		{BABAD686-C60D-4A54-BC0C-7ACA03BB9FE5}.Debug|x64.ActiveCfg = Debug|Any CPU
		{BABAD686-C60D-4A54-BC0C-7ACA03BB9FE5}.Debug|x64.Build.0 = Debug|Any CPU
		{BABAD686-C60D-4A54-BC0C-7ACA03BB9FE5}.Debug|x86.ActiveCfg = Debug|Any CPU
		{BABAD686-C60D-4A54-BC0C-7ACA03BB9FE5}.Debug|x86.Build.0 = Debug|Any CPU
		{BABAD686-C60D-4A54-BC0C-7ACA03BB9FE5}.Release|Any CPU.ActiveCfg = Release|Any CPU
		{BABAD686-C60D-4A54-BC0C-7ACA03BB9FE5}.Release|Any CPU.Build.0 = Release|Any CPU
		{BABAD686-C60D-4A54-BC0C-7ACA03BB9FE5}.Release|x64.ActiveCfg = Release|Any CPU
		{BABAD686-C60D-4A54-BC0C-7ACA03BB9FE5}.Release|x64.Build.0 = Release|Any CPU
		{BABAD686-C60D-4A54-BC0C-7ACA03BB9FE5}.Release|x86.ActiveCfg = Release|Any CPU
		{BABAD686-C60D-4A54-BC0C-7ACA03BB9FE5}.Release|x86.Build.0 = Release|Any CPU
	EndGlobalSection
EndGlobal
